// !$*UTF8*$!
{
	archiveVersion = 1;
	classes = {
	};
	objectVersion = 56;
	objects = {

/* Begin PBXBuildFile section */
		2C65051629E6D39300732483 /* ToDoApp.swift in Sources */ = {isa = PBXBuildFile; fileRef = 2C65051529E6D39300732483 /* ToDoApp.swift */; };
		2C65051A29E6D39400732483 /* Assets.xcassets in Resources */ = {isa = PBXBuildFile; fileRef = 2C65051929E6D39400732483 /* Assets.xcassets */; };
		2C65051D29E6D39400732483 /* Preview Assets.xcassets in Resources */ = {isa = PBXBuildFile; fileRef = 2C65051C29E6D39400732483 /* Preview Assets.xcassets */; };
		2C65052529E6D8C700732483 /* ListView.swift in Sources */ = {isa = PBXBuildFile; fileRef = 2C65052429E6D8C700732483 /* ListView.swift */; };
		2C65052729E6E66C00732483 /* ListRowView.swift in Sources */ = {isa = PBXBuildFile; fileRef = 2C65052629E6E66C00732483 /* ListRowView.swift */; };
		2C65052929E6F0EE00732483 /* AddView.swift in Sources */ = {isa = PBXBuildFile; fileRef = 2C65052829E6F0EE00732483 /* AddView.swift */; };
		2C65052C29E6F74300732483 /* ToDoItemModel.swift in Sources */ = {isa = PBXBuildFile; fileRef = 2C65052B29E6F74300732483 /* ToDoItemModel.swift */; };
		2C65052F29E809E500732483 /* ToDoListViewModel.swift in Sources */ = {isa = PBXBuildFile; fileRef = 2C65052E29E809E500732483 /* ToDoListViewModel.swift */; };
		7D12C62B2A065EE700B9348E /* HabitsView.swift in Sources */ = {isa = PBXBuildFile; fileRef = 7D12C62A2A065EE700B9348E /* HabitsView.swift */; };
		7D12C62D2A065FE200B9348E /* NotesView.swift in Sources */ = {isa = PBXBuildFile; fileRef = 7D12C62C2A065FE200B9348E /* NotesView.swift */; };
		7D12C62F2A06612600B9348E /* NoteItemModel.swift in Sources */ = {isa = PBXBuildFile; fileRef = 7D12C62E2A06612600B9348E /* NoteItemModel.swift */; };
		7D12C6312A07A3FA00B9348E /* HabitItemModel.swift in Sources */ = {isa = PBXBuildFile; fileRef = 7D12C6302A07A3FA00B9348E /* HabitItemModel.swift */; };
		7D12C6332A07A44C00B9348E /* Habits.swift in Sources */ = {isa = PBXBuildFile; fileRef = 7D12C6322A07A44C00B9348E /* Habits.swift */; };
		7D12C6352A07A48000B9348E /* HabitDetailView.swift in Sources */ = {isa = PBXBuildFile; fileRef = 7D12C6342A07A48000B9348E /* HabitDetailView.swift */; };
		7D12C6372A07A4CB00B9348E /* HabitAddView.swift in Sources */ = {isa = PBXBuildFile; fileRef = 7D12C6362A07A4CB00B9348E /* HabitAddView.swift */; };
		7D6FC9C129E97612004E01AA /* NoItemsView.swift in Sources */ = {isa = PBXBuildFile; fileRef = 7D6FC9C029E97612004E01AA /* NoItemsView.swift */; };
		7DF095BF2A07A994007CB9E0 /* HabitViewModel.swift in Sources */ = {isa = PBXBuildFile; fileRef = 7DF095BE2A07A994007CB9E0 /* HabitViewModel.swift */; };
		7DF095C12A07A9A1007CB9E0 /* NoteViewModel.swift in Sources */ = {isa = PBXBuildFile; fileRef = 7DF095C02A07A9A1007CB9E0 /* NoteViewModel.swift */; };
/* End PBXBuildFile section */

/* Begin PBXFileReference section */
		2C65051229E6D39300732483 /* ToDo.app */ = {isa = PBXFileReference; explicitFileType = wrapper.application; includeInIndex = 0; path = ToDo.app; sourceTree = BUILT_PRODUCTS_DIR; };
		2C65051529E6D39300732483 /* ToDoApp.swift */ = {isa = PBXFileReference; lastKnownFileType = sourcecode.swift; path = ToDoApp.swift; sourceTree = "<group>"; };
		2C65051929E6D39400732483 /* Assets.xcassets */ = {isa = PBXFileReference; lastKnownFileType = folder.assetcatalog; path = Assets.xcassets; sourceTree = "<group>"; };
		2C65051C29E6D39400732483 /* Preview Assets.xcassets */ = {isa = PBXFileReference; lastKnownFileType = folder.assetcatalog; path = "Preview Assets.xcassets"; sourceTree = "<group>"; };
		2C65052429E6D8C700732483 /* ListView.swift */ = {isa = PBXFileReference; lastKnownFileType = sourcecode.swift; path = ListView.swift; sourceTree = "<group>"; };
		2C65052629E6E66C00732483 /* ListRowView.swift */ = {isa = PBXFileReference; lastKnownFileType = sourcecode.swift; path = ListRowView.swift; sourceTree = "<group>"; };
		2C65052829E6F0EE00732483 /* AddView.swift */ = {isa = PBXFileReference; lastKnownFileType = sourcecode.swift; path = AddView.swift; sourceTree = "<group>"; };
		2C65052B29E6F74300732483 /* ToDoItemModel.swift */ = {isa = PBXFileReference; lastKnownFileType = sourcecode.swift; path = ToDoItemModel.swift; sourceTree = "<group>"; };
		2C65052E29E809E500732483 /* ToDoListViewModel.swift */ = {isa = PBXFileReference; lastKnownFileType = sourcecode.swift; path = ToDoListViewModel.swift; sourceTree = "<group>"; };
		7D12C62A2A065EE700B9348E /* HabitsView.swift */ = {isa = PBXFileReference; lastKnownFileType = sourcecode.swift; path = HabitsView.swift; sourceTree = "<group>"; };
		7D12C62C2A065FE200B9348E /* NotesView.swift */ = {isa = PBXFileReference; lastKnownFileType = sourcecode.swift; path = NotesView.swift; sourceTree = "<group>"; };
		7D12C62E2A06612600B9348E /* NoteItemModel.swift */ = {isa = PBXFileReference; lastKnownFileType = sourcecode.swift; path = NoteItemModel.swift; sourceTree = "<group>"; };
		7D12C6302A07A3FA00B9348E /* HabitItemModel.swift */ = {isa = PBXFileReference; lastKnownFileType = sourcecode.swift; path = HabitItemModel.swift; sourceTree = "<group>"; };
		7D12C6322A07A44C00B9348E /* Habits.swift */ = {isa = PBXFileReference; lastKnownFileType = sourcecode.swift; path = Habits.swift; sourceTree = "<group>"; };
		7D12C6342A07A48000B9348E /* HabitDetailView.swift */ = {isa = PBXFileReference; lastKnownFileType = sourcecode.swift; path = HabitDetailView.swift; sourceTree = "<group>"; };
		7D12C6362A07A4CB00B9348E /* HabitAddView.swift */ = {isa = PBXFileReference; lastKnownFileType = sourcecode.swift; path = HabitAddView.swift; sourceTree = "<group>"; };
		7D6FC9C029E97612004E01AA /* NoItemsView.swift */ = {isa = PBXFileReference; lastKnownFileType = sourcecode.swift; path = NoItemsView.swift; sourceTree = "<group>"; };
		7DF095BE2A07A994007CB9E0 /* HabitViewModel.swift */ = {isa = PBXFileReference; lastKnownFileType = sourcecode.swift; path = HabitViewModel.swift; sourceTree = "<group>"; };
		7DF095C02A07A9A1007CB9E0 /* NoteViewModel.swift */ = {isa = PBXFileReference; lastKnownFileType = sourcecode.swift; path = NoteViewModel.swift; sourceTree = "<group>"; };
/* End PBXFileReference section */

/* Begin PBXFrameworksBuildPhase section */
		2C65050F29E6D39300732483 /* Frameworks */ = {
			isa = PBXFrameworksBuildPhase;
			buildActionMask = 2147483647;
			files = (
			);
			runOnlyForDeploymentPostprocessing = 0;
		};
/* End PBXFrameworksBuildPhase section */

/* Begin PBXGroup section */
		2C65050929E6D39300732483 = {
			isa = PBXGroup;
			children = (
				2C65051429E6D39300732483 /* ToDo */,
				2C65051329E6D39300732483 /* Products */,
			);
			sourceTree = "<group>";
		};
		2C65051329E6D39300732483 /* Products */ = {
			isa = PBXGroup;
			children = (
				2C65051229E6D39300732483 /* ToDo.app */,
			);
			name = Products;
			sourceTree = "<group>";
		};
		2C65051429E6D39300732483 /* ToDo */ = {
			isa = PBXGroup;
			children = (
				2C65051529E6D39300732483 /* ToDoApp.swift */,
				2C65052A29E6F73500732483 /* Models */,
				2C65052D29E808B000732483 /* ViewModels */,
				2C65052329E6D8B300732483 /* Views */,
				2C65051929E6D39400732483 /* Assets.xcassets */,
				2C65051B29E6D39400732483 /* Preview Content */,
			);
			path = ToDo;
			sourceTree = "<group>";
		};
		2C65051B29E6D39400732483 /* Preview Content */ = {
			isa = PBXGroup;
			children = (
				2C65051C29E6D39400732483 /* Preview Assets.xcassets */,
			);
			path = "Preview Content";
			sourceTree = "<group>";
		};
		2C65052329E6D8B300732483 /* Views */ = {
			isa = PBXGroup;
			children = (
				7DF095BD2A07A6EC007CB9E0 /* Habits */,
				2C65052429E6D8C700732483 /* ListView.swift */,
				2C65052629E6E66C00732483 /* ListRowView.swift */,
				2C65052829E6F0EE00732483 /* AddView.swift */,
				7D6FC9C029E97612004E01AA /* NoItemsView.swift */,
				7D12C62C2A065FE200B9348E /* NotesView.swift */,
			);
			path = Views;
			sourceTree = "<group>";
		};
		2C65052A29E6F73500732483 /* Models */ = {
			isa = PBXGroup;
			children = (
				2C65052B29E6F74300732483 /* ToDoItemModel.swift */,
				7D12C62E2A06612600B9348E /* NoteItemModel.swift */,
				7D12C6302A07A3FA00B9348E /* HabitItemModel.swift */,
				7D12C6322A07A44C00B9348E /* Habits.swift */,
			);
			path = Models;
			sourceTree = "<group>";
		};
		2C65052D29E808B000732483 /* ViewModels */ = {
			isa = PBXGroup;
			children = (
				2C65052E29E809E500732483 /* ToDoListViewModel.swift */,
				7DF095BE2A07A994007CB9E0 /* HabitViewModel.swift */,
				7DF095C02A07A9A1007CB9E0 /* NoteViewModel.swift */,
			);
			path = ViewModels;
			sourceTree = "<group>";
		};
		7DF095BD2A07A6EC007CB9E0 /* Habits */ = {
			isa = PBXGroup;
			children = (
				7D12C62A2A065EE700B9348E /* HabitsView.swift */,
				7D12C6342A07A48000B9348E /* HabitDetailView.swift */,
				7D12C6362A07A4CB00B9348E /* HabitAddView.swift */,
			);
			path = Habits;
			sourceTree = "<group>";
		};
/* End PBXGroup section */

/* Begin PBXNativeTarget section */
		2C65051129E6D39300732483 /* ToDo */ = {
			isa = PBXNativeTarget;
			buildConfigurationList = 2C65052029E6D39400732483 /* Build configuration list for PBXNativeTarget "ToDo" */;
			buildPhases = (
				2C65050E29E6D39300732483 /* Sources */,
				2C65050F29E6D39300732483 /* Frameworks */,
				2C65051029E6D39300732483 /* Resources */,
			);
			buildRules = (
			);
			dependencies = (
			);
			name = ToDo;
			productName = ToDo;
			productReference = 2C65051229E6D39300732483 /* ToDo.app */;
			productType = "com.apple.product-type.application";
		};
/* End PBXNativeTarget section */

/* Begin PBXProject section */
		2C65050A29E6D39300732483 /* Project object */ = {
			isa = PBXProject;
			attributes = {
				BuildIndependentTargetsInParallel = 1;
				LastSwiftUpdateCheck = 1420;
				LastUpgradeCheck = 1420;
				TargetAttributes = {
					2C65051129E6D39300732483 = {
						CreatedOnToolsVersion = 14.2;
					};
				};
			};
			buildConfigurationList = 2C65050D29E6D39300732483 /* Build configuration list for PBXProject "ToDo" */;
			compatibilityVersion = "Xcode 14.0";
			developmentRegion = en;
			hasScannedForEncodings = 0;
			knownRegions = (
				en,
				Base,
			);
			mainGroup = 2C65050929E6D39300732483;
			productRefGroup = 2C65051329E6D39300732483 /* Products */;
			projectDirPath = "";
			projectRoot = "";
			targets = (
				2C65051129E6D39300732483 /* ToDo */,
			);
		};
/* End PBXProject section */

/* Begin PBXResourcesBuildPhase section */
		2C65051029E6D39300732483 /* Resources */ = {
			isa = PBXResourcesBuildPhase;
			buildActionMask = 2147483647;
			files = (
				2C65051D29E6D39400732483 /* Preview Assets.xcassets in Resources */,
				2C65051A29E6D39400732483 /* Assets.xcassets in Resources */,
			);
			runOnlyForDeploymentPostprocessing = 0;
		};
/* End PBXResourcesBuildPhase section */

/* Begin PBXSourcesBuildPhase section */
		2C65050E29E6D39300732483 /* Sources */ = {
			isa = PBXSourcesBuildPhase;
			buildActionMask = 2147483647;
			files = (
				7DF095C12A07A9A1007CB9E0 /* NoteViewModel.swift in Sources */,
				2C65052C29E6F74300732483 /* ToDoItemModel.swift in Sources */,
				7D12C62B2A065EE700B9348E /* HabitsView.swift in Sources */,
				7D12C6332A07A44C00B9348E /* Habits.swift in Sources */,
				7D12C6312A07A3FA00B9348E /* HabitItemModel.swift in Sources */,
				2C65052929E6F0EE00732483 /* AddView.swift in Sources */,
				2C65052F29E809E500732483 /* ToDoListViewModel.swift in Sources */,
				2C65051629E6D39300732483 /* ToDoApp.swift in Sources */,
				7D12C6352A07A48000B9348E /* HabitDetailView.swift in Sources */,
				2C65052529E6D8C700732483 /* ListView.swift in Sources */,
				7D12C62F2A06612600B9348E /* NoteItemModel.swift in Sources */,
				7D6FC9C129E97612004E01AA /* NoItemsView.swift in Sources */,
				2C65052729E6E66C00732483 /* ListRowView.swift in Sources */,
				7DF095BF2A07A994007CB9E0 /* HabitViewModel.swift in Sources */,
				7D12C62D2A065FE200B9348E /* NotesView.swift in Sources */,
				7D12C6372A07A4CB00B9348E /* HabitAddView.swift in Sources */,
			);
			runOnlyForDeploymentPostprocessing = 0;
		};
/* End PBXSourcesBuildPhase section */

/* Begin XCBuildConfiguration section */
		2C65051E29E6D39400732483 /* Debug */ = {
			isa = XCBuildConfiguration;
			buildSettings = {
				ALWAYS_SEARCH_USER_PATHS = NO;
				CLANG_ANALYZER_NONNULL = YES;
				CLANG_ANALYZER_NUMBER_OBJECT_CONVERSION = YES_AGGRESSIVE;
				CLANG_CXX_LANGUAGE_STANDARD = "gnu++20";
				CLANG_ENABLE_MODULES = YES;
				CLANG_ENABLE_OBJC_ARC = YES;
				CLANG_ENABLE_OBJC_WEAK = YES;
				CLANG_WARN_BLOCK_CAPTURE_AUTORELEASING = YES;
				CLANG_WARN_BOOL_CONVERSION = YES;
				CLANG_WARN_COMMA = YES;
				CLANG_WARN_CONSTANT_CONVERSION = YES;
				CLANG_WARN_DEPRECATED_OBJC_IMPLEMENTATIONS = YES;
				CLANG_WARN_DIRECT_OBJC_ISA_USAGE = YES_ERROR;
				CLANG_WARN_DOCUMENTATION_COMMENTS = YES;
				CLANG_WARN_EMPTY_BODY = YES;
				CLANG_WARN_ENUM_CONVERSION = YES;
				CLANG_WARN_INFINITE_RECURSION = YES;
				CLANG_WARN_INT_CONVERSION = YES;
				CLANG_WARN_NON_LITERAL_NULL_CONVERSION = YES;
				CLANG_WARN_OBJC_IMPLICIT_RETAIN_SELF = YES;
				CLANG_WARN_OBJC_LITERAL_CONVERSION = YES;
				CLANG_WARN_OBJC_ROOT_CLASS = YES_ERROR;
				CLANG_WARN_QUOTED_INCLUDE_IN_FRAMEWORK_HEADER = YES;
				CLANG_WARN_RANGE_LOOP_ANALYSIS = YES;
				CLANG_WARN_STRICT_PROTOTYPES = YES;
				CLANG_WARN_SUSPICIOUS_MOVE = YES;
				CLANG_WARN_UNGUARDED_AVAILABILITY = YES_AGGRESSIVE;
				CLANG_WARN_UNREACHABLE_CODE = YES;
				CLANG_WARN__DUPLICATE_METHOD_MATCH = YES;
				COPY_PHASE_STRIP = NO;
				DEBUG_INFORMATION_FORMAT = dwarf;
				ENABLE_STRICT_OBJC_MSGSEND = YES;
				ENABLE_TESTABILITY = YES;
				GCC_C_LANGUAGE_STANDARD = gnu11;
				GCC_DYNAMIC_NO_PIC = NO;
				GCC_NO_COMMON_BLOCKS = YES;
				GCC_OPTIMIZATION_LEVEL = 0;
				GCC_PREPROCESSOR_DEFINITIONS = (
					"DEBUG=1",
					"$(inherited)",
				);
				GCC_WARN_64_TO_32_BIT_CONVERSION = YES;
				GCC_WARN_ABOUT_RETURN_TYPE = YES_ERROR;
				GCC_WARN_UNDECLARED_SELECTOR = YES;
				GCC_WARN_UNINITIALIZED_AUTOS = YES_AGGRESSIVE;
				GCC_WARN_UNUSED_FUNCTION = YES;
				GCC_WARN_UNUSED_VARIABLE = YES;
				IPHONEOS_DEPLOYMENT_TARGET = 16.2;
				MTL_ENABLE_DEBUG_INFO = INCLUDE_SOURCE;
				MTL_FAST_MATH = YES;
				ONLY_ACTIVE_ARCH = YES;
				SDKROOT = iphoneos;
				SWIFT_ACTIVE_COMPILATION_CONDITIONS = DEBUG;
				SWIFT_OPTIMIZATION_LEVEL = "-Onone";
			};
			name = Debug;
		};
		2C65051F29E6D39400732483 /* Release */ = {
			isa = XCBuildConfiguration;
			buildSettings = {
				ALWAYS_SEARCH_USER_PATHS = NO;
				CLANG_ANALYZER_NONNULL = YES;
				CLANG_ANALYZER_NUMBER_OBJECT_CONVERSION = YES_AGGRESSIVE;
				CLANG_CXX_LANGUAGE_STANDARD = "gnu++20";
				CLANG_ENABLE_MODULES = YES;
				CLANG_ENABLE_OBJC_ARC = YES;
				CLANG_ENABLE_OBJC_WEAK = YES;
				CLANG_WARN_BLOCK_CAPTURE_AUTORELEASING = YES;
				CLANG_WARN_BOOL_CONVERSION = YES;
				CLANG_WARN_COMMA = YES;
				CLANG_WARN_CONSTANT_CONVERSION = YES;
				CLANG_WARN_DEPRECATED_OBJC_IMPLEMENTATIONS = YES;
				CLANG_WARN_DIRECT_OBJC_ISA_USAGE = YES_ERROR;
				CLANG_WARN_DOCUMENTATION_COMMENTS = YES;
				CLANG_WARN_EMPTY_BODY = YES;
				CLANG_WARN_ENUM_CONVERSION = YES;
				CLANG_WARN_INFINITE_RECURSION = YES;
				CLANG_WARN_INT_CONVERSION = YES;
				CLANG_WARN_NON_LITERAL_NULL_CONVERSION = YES;
				CLANG_WARN_OBJC_IMPLICIT_RETAIN_SELF = YES;
				CLANG_WARN_OBJC_LITERAL_CONVERSION = YES;
				CLANG_WARN_OBJC_ROOT_CLASS = YES_ERROR;
				CLANG_WARN_QUOTED_INCLUDE_IN_FRAMEWORK_HEADER = YES;
				CLANG_WARN_RANGE_LOOP_ANALYSIS = YES;
				CLANG_WARN_STRICT_PROTOTYPES = YES;
				CLANG_WARN_SUSPICIOUS_MOVE = YES;
				CLANG_WARN_UNGUARDED_AVAILABILITY = YES_AGGRESSIVE;
				CLANG_WARN_UNREACHABLE_CODE = YES;
				CLANG_WARN__DUPLICATE_METHOD_MATCH = YES;
				COPY_PHASE_STRIP = NO;
				DEBUG_INFORMATION_FORMAT = "dwarf-with-dsym";
				ENABLE_NS_ASSERTIONS = NO;
				ENABLE_STRICT_OBJC_MSGSEND = YES;
				GCC_C_LANGUAGE_STANDARD = gnu11;
				GCC_NO_COMMON_BLOCKS = YES;
				GCC_WARN_64_TO_32_BIT_CONVERSION = YES;
				GCC_WARN_ABOUT_RETURN_TYPE = YES_ERROR;
				GCC_WARN_UNDECLARED_SELECTOR = YES;
				GCC_WARN_UNINITIALIZED_AUTOS = YES_AGGRESSIVE;
				GCC_WARN_UNUSED_FUNCTION = YES;
				GCC_WARN_UNUSED_VARIABLE = YES;
				IPHONEOS_DEPLOYMENT_TARGET = 16.2;
				MTL_ENABLE_DEBUG_INFO = NO;
				MTL_FAST_MATH = YES;
				SDKROOT = iphoneos;
				SWIFT_COMPILATION_MODE = wholemodule;
				SWIFT_OPTIMIZATION_LEVEL = "-O";
				VALIDATE_PRODUCT = YES;
			};
			name = Release;
		};
		2C65052129E6D39400732483 /* Debug */ = {
			isa = XCBuildConfiguration;
			buildSettings = {
				ASSETCATALOG_COMPILER_APPICON_NAME = AppIcon;
				ASSETCATALOG_COMPILER_GLOBAL_ACCENT_COLOR_NAME = AccentColor;
				CODE_SIGN_STYLE = Automatic;
				CURRENT_PROJECT_VERSION = 1;
				DEVELOPMENT_ASSET_PATHS = "\"ToDo/Preview Content\"";
				DEVELOPMENT_TEAM = 5H94SXB38X;
				ENABLE_PREVIEWS = YES;
				GENERATE_INFOPLIST_FILE = YES;
				INFOPLIST_KEY_UIApplicationSceneManifest_Generation = YES;
				INFOPLIST_KEY_UIApplicationSupportsIndirectInputEvents = YES;
				INFOPLIST_KEY_UILaunchScreen_Generation = YES;
				INFOPLIST_KEY_UISupportedInterfaceOrientations_iPad = "UIInterfaceOrientationPortrait UIInterfaceOrientationPortraitUpsideDown UIInterfaceOrientationLandscapeLeft UIInterfaceOrientationLandscapeRight";
				INFOPLIST_KEY_UISupportedInterfaceOrientations_iPhone = "UIInterfaceOrientationPortrait UIInterfaceOrientationLandscapeLeft UIInterfaceOrientationLandscapeRight";
				LD_RUNPATH_SEARCH_PATHS = (
					"$(inherited)",
					"@executable_path/Frameworks",
				);
				MARKETING_VERSION = 1.0;
				PRODUCT_BUNDLE_IDENTIFIER = ivantrj.ToDo;
				PRODUCT_NAME = "$(TARGET_NAME)";
				SWIFT_EMIT_LOC_STRINGS = YES;
				SWIFT_VERSION = 5.0;
				TARGETED_DEVICE_FAMILY = "1,2";
			};
			name = Debug;
		};
		2C65052229E6D39400732483 /* Release */ = {
			isa = XCBuildConfiguration;
			buildSettings = {
				ASSETCATALOG_COMPILER_APPICON_NAME = AppIcon;
				ASSETCATALOG_COMPILER_GLOBAL_ACCENT_COLOR_NAME = AccentColor;
				CODE_SIGN_STYLE = Automatic;
				CURRENT_PROJECT_VERSION = 1;
				DEVELOPMENT_ASSET_PATHS = "\"ToDo/Preview Content\"";
				DEVELOPMENT_TEAM = 5H94SXB38X;
				ENABLE_PREVIEWS = YES;
				GENERATE_INFOPLIST_FILE = YES;
				INFOPLIST_KEY_UIApplicationSceneManifest_Generation = YES;
				INFOPLIST_KEY_UIApplicationSupportsIndirectInputEvents = YES;
				INFOPLIST_KEY_UILaunchScreen_Generation = YES;
				INFOPLIST_KEY_UISupportedInterfaceOrientations_iPad = "UIInterfaceOrientationPortrait UIInterfaceOrientationPortraitUpsideDown UIInterfaceOrientationLandscapeLeft UIInterfaceOrientationLandscapeRight";
				INFOPLIST_KEY_UISupportedInterfaceOrientations_iPhone = "UIInterfaceOrientationPortrait UIInterfaceOrientationLandscapeLeft UIInterfaceOrientationLandscapeRight";
				LD_RUNPATH_SEARCH_PATHS = (
					"$(inherited)",
					"@executable_path/Frameworks",
				);
				MARKETING_VERSION = 1.0;
				PRODUCT_BUNDLE_IDENTIFIER = ivantrj.ToDo;
				PRODUCT_NAME = "$(TARGET_NAME)";
				SWIFT_EMIT_LOC_STRINGS = YES;
				SWIFT_VERSION = 5.0;
				TARGETED_DEVICE_FAMILY = "1,2";
			};
			name = Release;
		};
/* End XCBuildConfiguration section */

/* Begin XCConfigurationList section */
		2C65050D29E6D39300732483 /* Build configuration list for PBXProject "ToDo" */ = {
			isa = XCConfigurationList;
			buildConfigurations = (
				2C65051E29E6D39400732483 /* Debug */,
				2C65051F29E6D39400732483 /* Release */,
			);
			defaultConfigurationIsVisible = 0;
			defaultConfigurationName = Release;
		};
		2C65052029E6D39400732483 /* Build configuration list for PBXNativeTarget "ToDo" */ = {
			isa = XCConfigurationList;
			buildConfigurations = (
				2C65052129E6D39400732483 /* Debug */,
				2C65052229E6D39400732483 /* Release */,
			);
			defaultConfigurationIsVisible = 0;
			defaultConfigurationName = Release;
		};
/* End XCConfigurationList section */
	};
	rootObject = 2C65050A29E6D39300732483 /* Project object */;
}
